Microsoft Visual Studio Solution File, Format Version 12.00
# Visual Studio Version 17
VisualStudioVersion = 17.13.35828.75
MinimumVisualStudioVersion = 10.0.40219.1
Project("{FAE04EC0-301F-11D3-BF4B-00C04F79EFBC}") = "LibraryManagement.Api", "LibraryManagement.Api\LibraryManagement.Api.csproj", "{50404A02-8498-4312-82FA-B0F682DB77EA}"
EndProject
Project("{FAE04EC0-301F-11D3-BF4B-00C04F79EFBC}") = "LibraryManagement.Core", "LibraryManagement.Core\LibraryManagement.Core.csproj", "{DB36E1A7-87FF-4C46-9DDE-1674691855B9}"
EndProject
Project("{FAE04EC0-301F-11D3-BF4B-00C04F79EFBC}") = "LibraryManagement.Database", "LibraryManagement.Database\LibraryManagement.Database.csproj", "{D9653954-44D0-4E3D-B037-173F9F15559A}"
EndProject
Project("{FAE04EC0-301F-11D3-BF4B-00C04F79EFBC}") = "LibraryManagement.Infrastructure", "LibraryManagement.Infrastructure\LibraryManagement.Infrastructure.csproj", "{7988119A-7D88-43EB-BA51-CF5C793F270D}"
EndProject
Project("{2150E333-8FDC-42A3-9474-1A3956D46DE8}") = "Solution Items", "Solution Items", "{8EC462FD-D22E-90A8-E5CE-7E832BA40C5D}"
	ProjectSection(SolutionItems) = preProject
		.gitignore = .gitignore
	EndProjectSection
EndProject
Global
	GlobalSection(SolutionConfigurationPlatforms) = preSolution
		Debug|Any CPU = Debug|Any CPU
		Release|Any CPU = Release|Any CPU
	EndGlobalSection
	GlobalSection(ProjectConfigurationPlatforms) = postSolution
		{50404A02-8498-4312-82FA-B0F682DB77EA}.Debug|Any CPU.ActiveCfg = Debug|Any CPU
		{50404A02-8498-4312-82FA-B0F682DB77EA}.Debug|Any CPU.Build.0 = Debug|Any CPU
		{50404A02-8498-4312-82FA-B0F682DB77EA}.Release|Any CPU.ActiveCfg = Release|Any CPU
		{50404A02-8498-4312-82FA-B0F682DB77EA}.Release|Any CPU.Build.0 = Release|Any CPU
		{DB36E1A7-87FF-4C46-9DDE-1674691855B9}.Debug|Any CPU.ActiveCfg = Debug|Any CPU
		{DB36E1A7-87FF-4C46-9DDE-1674691855B9}.Debug|Any CPU.Build.0 = Debug|Any CPU
		{DB36E1A7-87FF-4C46-9DDE-1674691855B9}.Release|Any CPU.ActiveCfg = Release|Any CPU
		{DB36E1A7-87FF-4C46-9DDE-1674691855B9}.Release|Any CPU.Build.0 = Release|Any CPU
		{D9653954-44D0-4E3D-B037-173F9F15559A}.Debug|Any CPU.ActiveCfg = Debug|Any CPU
		{D9653954-44D0-4E3D-B037-173F9F15559A}.Debug|Any CPU.Build.0 = Debug|Any CPU
		{D9653954-44D0-4E3D-B037-173F9F15559A}.Release|Any CPU.ActiveCfg = Release|Any CPU
		{D9653954-44D0-4E3D-B037-173F9F15559A}.Release|Any CPU.Build.0 = Release|Any CPU
		{7988119A-7D88-43EB-BA51-CF5C793F270D}.Debug|Any CPU.ActiveCfg = Debug|Any CPU
		{7988119A-7D88-43EB-BA51-CF5C793F270D}.Debug|Any CPU.Build.0 = Debug|Any CPU
		{7988119A-7D88-43EB-BA51-CF5C793F270D}.Release|Any CPU.ActiveCfg = Release|Any CPU
		{7988119A-7D88-43EB-BA51-CF5C793F270D}.Release|Any CPU.Build.0 = Release|Any CPU
	EndGlobalSection
	GlobalSection(SolutionProperties) = preSolution
		HideSolutionNode = FALSE
	EndGlobalSection
	GlobalSection(ExtensibilityGlobals) = postSolution
		SolutionGuid = {61B43E3D-5DF6-442E-BED6-77AE7CA95CD2}
	EndGlobalSection
EndGlobal
